
Microsoft Visual Studio Solution File, Format Version 12.00
# Visual Studio Version 17
VisualStudioVersion = 17.12.35521.163
MinimumVisualStudioVersion = 10.0.40219.1
Project("{2150E333-8FDC-42A3-9474-1A3956D46DE8}") = "Task0", "Task0", "{F120265B-D8D7-4399-907B-BDB733DBB3BB}"
EndProject
Project("{FAE04EC0-301F-11D3-BF4B-00C04F79EFBC}") = "Tyuiu.DmitrievLR.Sprint0.Task0.V0", "Tyuiu.DmitrievLR.Sprint0.Task0.V0\Tyuiu.DmitrievLR.Sprint0.Task0.V0.csproj", "{F6F9EB8A-94A5-4A5D-8D58-96FDFE26936F}"
EndProject
Project("{2150E333-8FDC-42A3-9474-1A3956D46DE8}") = "Task1", "Task1", "{99CB66E4-9FD9-4220-8838-A10F1DFCCE1D}"
EndProject
Project("{FAE04EC0-301F-11D3-BF4B-00C04F79EFBC}") = "Tyuiu.DmitrievLR.Sprint0.Task1.V0", "Tyuiu.DmitrievLR.Sprint0.Task1.V0\Tyuiu.DmitrievLR.Sprint0.Task1.V0.csproj", "{50097D51-A6C5-401E-972F-1FCE7C4E3D14}"
EndProject
Project("{FAE04EC0-301F-11D3-BF4B-00C04F79EFBC}") = "Tyuiu.DmitrievLR.Sprint0.Task2.V0.Lib", "Tyuiu.DmitrievLR.Sprint0.Task2.V0.Lib\Tyuiu.DmitrievLR.Sprint0.Task2.V0.Lib.csproj", "{39EE8E58-15AF-43A0-AE34-3D5E22E909CF}"
EndProject
Project("{FAE04EC0-301F-11D3-BF4B-00C04F79EFBC}") = "Tyuiu.DmitrievLR.Sprint0.Task2.V0", "Tyuiu.DmitrievLR.Sprint0.Task2.V0\Tyuiu.DmitrievLR.Sprint0.Task2.V0.csproj", "{889B6AF0-D2AC-4BD3-8122-26AC5878BCE9}"
EndProject
Project("{2150E333-8FDC-42A3-9474-1A3956D46DE8}") = "Task2", "Task2", "{8EA2ED3B-0029-46FD-B2DC-CCAD9060709D}"
EndProject
Project("{FAE04EC0-301F-11D3-BF4B-00C04F79EFBC}") = "Tyuiu.DmitrievLR.Sprint0.Task2.V0.Test", "Tyuiu.DmitrievLR.Sprint0.Task2.V0.Test\Tyuiu.DmitrievLR.Sprint0.Task2.V0.Test.csproj", "{244EE777-4F1F-4955-A73D-9CC370D8A204}"
EndProject
Project("{FAE04EC0-301F-11D3-BF4B-00C04F79EFBC}") = "Tyuiu.DmitrievLR.Sprint0.Task3.V0.Lib", "Tyuiu.DmitrievLR.Sprint0.Task3.V0.Lib\Tyuiu.DmitrievLR.Sprint0.Task3.V0.Lib.csproj", "{4283A53D-12CC-4DEE-93E2-28876E4504AA}"
EndProject
Project("{FAE04EC0-301F-11D3-BF4B-00C04F79EFBC}") = "Tyuiu.DmitrievLR.Sprint0.Task3.V0", "Tyuiu.DmitrievLR.Sprint0.Task3.V0\Tyuiu.DmitrievLR.Sprint0.Task3.V0.csproj", "{F73F6E27-89BE-42A8-9025-709420945F9D}"
EndProject
Project("{FAE04EC0-301F-11D3-BF4B-00C04F79EFBC}") = "Tyuiu.DmitrievLR.Sprint0.Task3.V0.Test", "Tyuiu.DmitrievLR.Sprint0.Task3.V0.Test\Tyuiu.DmitrievLR.Sprint0.Task3.V0.Test.csproj", "{3C61A22F-F813-428E-9162-6068439AE690}"
EndProject
Project("{2150E333-8FDC-42A3-9474-1A3956D46DE8}") = "Task3", "Task3", "{4A1F6042-53BC-4AAB-8A94-2D08F86248AC}"
EndProject
Global
	GlobalSection(SolutionConfigurationPlatforms) = preSolution
		Debug|Any CPU = Debug|Any CPU
		Release|Any CPU = Release|Any CPU
	EndGlobalSection
	GlobalSection(ProjectConfigurationPlatforms) = postSolution
		{F6F9EB8A-94A5-4A5D-8D58-96FDFE26936F}.Debug|Any CPU.ActiveCfg = Debug|Any CPU
		{F6F9EB8A-94A5-4A5D-8D58-96FDFE26936F}.Debug|Any CPU.Build.0 = Debug|Any CPU
		{F6F9EB8A-94A5-4A5D-8D58-96FDFE26936F}.Release|Any CPU.ActiveCfg = Release|Any CPU
		{F6F9EB8A-94A5-4A5D-8D58-96FDFE26936F}.Release|Any CPU.Build.0 = Release|Any CPU
		{50097D51-A6C5-401E-972F-1FCE7C4E3D14}.Debug|Any CPU.ActiveCfg = Debug|Any CPU
		{50097D51-A6C5-401E-972F-1FCE7C4E3D14}.Debug|Any CPU.Build.0 = Debug|Any CPU
		{50097D51-A6C5-401E-972F-1FCE7C4E3D14}.Release|Any CPU.ActiveCfg = Release|Any CPU
		{50097D51-A6C5-401E-972F-1FCE7C4E3D14}.Release|Any CPU.Build.0 = Release|Any CPU
		{39EE8E58-15AF-43A0-AE34-3D5E22E909CF}.Debug|Any CPU.ActiveCfg = Debug|Any CPU
		{39EE8E58-15AF-43A0-AE34-3D5E22E909CF}.Debug|Any CPU.Build.0 = Debug|Any CPU
		{39EE8E58-15AF-43A0-AE34-3D5E22E909CF}.Release|Any CPU.ActiveCfg = Release|Any CPU
		{39EE8E58-15AF-43A0-AE34-3D5E22E909CF}.Release|Any CPU.Build.0 = Release|Any CPU
		{889B6AF0-D2AC-4BD3-8122-26AC5878BCE9}.Debug|Any CPU.ActiveCfg = Debug|Any CPU
		{889B6AF0-D2AC-4BD3-8122-26AC5878BCE9}.Debug|Any CPU.Build.0 = Debug|Any CPU
		{889B6AF0-D2AC-4BD3-8122-26AC5878BCE9}.Release|Any CPU.ActiveCfg = Release|Any CPU
		{889B6AF0-D2AC-4BD3-8122-26AC5878BCE9}.Release|Any CPU.Build.0 = Release|Any CPU
		{244EE777-4F1F-4955-A73D-9CC370D8A204}.Debug|Any CPU.ActiveCfg = Debug|Any CPU
		{244EE777-4F1F-4955-A73D-9CC370D8A204}.Debug|Any CPU.Build.0 = Debug|Any CPU
		{244EE777-4F1F-4955-A73D-9CC370D8A204}.Release|Any CPU.ActiveCfg = Release|Any CPU
		{244EE777-4F1F-4955-A73D-9CC370D8A204}.Release|Any CPU.Build.0 = Release|Any CPU
		{4283A53D-12CC-4DEE-93E2-28876E4504AA}.Debug|Any CPU.ActiveCfg = Debug|Any CPU
		{4283A53D-12CC-4DEE-93E2-28876E4504AA}.Debug|Any CPU.Build.0 = Debug|Any CPU
		{4283A53D-12CC-4DEE-93E2-28876E4504AA}.Release|Any CPU.ActiveCfg = Release|Any CPU
		{4283A53D-12CC-4DEE-93E2-28876E4504AA}.Release|Any CPU.Build.0 = Release|Any CPU
		{F73F6E27-89BE-42A8-9025-709420945F9D}.Debug|Any CPU.ActiveCfg = Debug|Any CPU
		{F73F6E27-89BE-42A8-9025-709420945F9D}.Debug|Any CPU.Build.0 = Debug|Any CPU
		{F73F6E27-89BE-42A8-9025-709420945F9D}.Release|Any CPU.ActiveCfg = Release|Any CPU
		{F73F6E27-89BE-42A8-9025-709420945F9D}.Release|Any CPU.Build.0 = Release|Any CPU
		{3C61A22F-F813-428E-9162-6068439AE690}.Debug|Any CPU.ActiveCfg = Debug|Any CPU
		{3C61A22F-F813-428E-9162-6068439AE690}.Debug|Any CPU.Build.0 = Debug|Any CPU
		{3C61A22F-F813-428E-9162-6068439AE690}.Release|Any CPU.ActiveCfg = Release|Any CPU
		{3C61A22F-F813-428E-9162-6068439AE690}.Release|Any CPU.Build.0 = Release|Any CPU
	EndGlobalSection
	GlobalSection(SolutionProperties) = preSolution
		HideSolutionNode = FALSE
	EndGlobalSection
	GlobalSection(NestedProjects) = preSolution
		{F6F9EB8A-94A5-4A5D-8D58-96FDFE26936F} = {F120265B-D8D7-4399-907B-BDB733DBB3BB}
		{50097D51-A6C5-401E-972F-1FCE7C4E3D14} = {99CB66E4-9FD9-4220-8838-A10F1DFCCE1D}
		{39EE8E58-15AF-43A0-AE34-3D5E22E909CF} = {8EA2ED3B-0029-46FD-B2DC-CCAD9060709D}
		{889B6AF0-D2AC-4BD3-8122-26AC5878BCE9} = {8EA2ED3B-0029-46FD-B2DC-CCAD9060709D}
		{244EE777-4F1F-4955-A73D-9CC370D8A204} = {8EA2ED3B-0029-46FD-B2DC-CCAD9060709D}
		{4283A53D-12CC-4DEE-93E2-28876E4504AA} = {4A1F6042-53BC-4AAB-8A94-2D08F86248AC}
		{F73F6E27-89BE-42A8-9025-709420945F9D} = {4A1F6042-53BC-4AAB-8A94-2D08F86248AC}
		{3C61A22F-F813-428E-9162-6068439AE690} = {4A1F6042-53BC-4AAB-8A94-2D08F86248AC}
	EndGlobalSection
EndGlobal
